
Microsoft Visual Studio Solution File, Format Version 12.00
# Visual Studio Version 17
VisualStudioVersion = 17.8.34511.84
MinimumVisualStudioVersion = 10.0.40219.1
Project("{FAE04EC0-301F-11D3-BF4B-00C04F79EFBC}") = "19.03", "19.03.csproj", "{F49A74CA-0CB2-4235-9EBB-B66E6FBFD6E3}"
EndProject
Global
	GlobalSection(SolutionConfigurationPlatforms) = preSolution
		Debug|Any CPU = Debug|Any CPU
		Release|Any CPU = Release|Any CPU
	EndGlobalSection
	GlobalSection(ProjectConfigurationPlatforms) = postSolution
		{F49A74CA-0CB2-4235-9EBB-B66E6FBFD6E3}.Debug|Any CPU.ActiveCfg = Debug|Any CPU
		{F49A74CA-0CB2-4235-9EBB-B66E6FBFD6E3}.Debug|Any CPU.Build.0 = Debug|Any CPU
		{F49A74CA-0CB2-4235-9EBB-B66E6FBFD6E3}.Release|Any CPU.ActiveCfg = Release|Any CPU
		{F49A74CA-0CB2-4235-9EBB-B66E6FBFD6E3}.Release|Any CPU.Build.0 = Release|Any CPU
	EndGlobalSection
	GlobalSection(SolutionProperties) = preSolution
		HideSolutionNode = FALSE
	EndGlobalSection
	GlobalSection(ExtensibilityGlobals) = postSolution
		SolutionGuid = {B46CB58E-D31B-456C-A60C-A2BCA71D818A}
	EndGlobalSection
EndGlobal
